// !$*UTF8*$!
{
	archiveVersion = 1;
	classes = {
	};
	objectVersion = 46;
	objects = {

/* Begin PBXBuildFile section */
		1C0E5D2B1D5C5C90006D67A0 /* WebViewJavaScriptBridge.js in Resources */ = {isa = PBXBuildFile; fileRef = 1C0E5D2A1D5C5C76006D67A0 /* WebViewJavaScriptBridge.js */; };
		1C0E5D311D5C5F73006D67A0 /* libPersonalLibrary.a in Frameworks */ = {isa = PBXBuildFile; fileRef = 1C83E02A1D5C46730085FECD /* libPersonalLibrary.a */; };
		1C0E5D341D5C5FC9006D67A0 /* JSBundle.bundle in Resources */ = {isa = PBXBuildFile; fileRef = 1C83E0571D5C5AB80085FECD /* JSBundle.bundle */; };
		1C0E5D4C1D5C63C6006D67A0 /* DMJavascript_js.m in Sources */ = {isa = PBXBuildFile; fileRef = 1C0E5D4B1D5C63C6006D67A0 /* DMJavascript_js.m */; };
		1C0E5D4D1D5C6639006D67A0 /* DMJavascript_js.h in Copy Files */ = {isa = PBXBuildFile; fileRef = 1C0E5D4A1D5C63C6006D67A0 /* DMJavascript_js.h */; };
		1C83E0031D5C45EF0085FECD /* main.m in Sources */ = {isa = PBXBuildFile; fileRef = 1C83E0021D5C45EF0085FECD /* main.m */; };
		1C83E0061D5C45EF0085FECD /* AppDelegate.m in Sources */ = {isa = PBXBuildFile; fileRef = 1C83E0051D5C45EF0085FECD /* AppDelegate.m */; };
		1C83E0091D5C45EF0085FECD /* ViewController.m in Sources */ = {isa = PBXBuildFile; fileRef = 1C83E0081D5C45EF0085FECD /* ViewController.m */; };
		1C83E00C1D5C45EF0085FECD /* Main.storyboard in Resources */ = {isa = PBXBuildFile; fileRef = 1C83E00A1D5C45EF0085FECD /* Main.storyboard */; };
		1C83E00E1D5C45EF0085FECD /* Assets.xcassets in Resources */ = {isa = PBXBuildFile; fileRef = 1C83E00D1D5C45EF0085FECD /* Assets.xcassets */; };
		1C83E0111D5C45EF0085FECD /* LaunchScreen.storyboard in Resources */ = {isa = PBXBuildFile; fileRef = 1C83E00F1D5C45EF0085FECD /* LaunchScreen.storyboard */; };
		1C83E0431D5C4D900085FECD /* TestWebPage.html in Resources */ = {isa = PBXBuildFile; fileRef = 1C83E0421D5C4D900085FECD /* TestWebPage.html */; };
		1C83E04D1D5C59710085FECD /* DMBridge.m in Sources */ = {isa = PBXBuildFile; fileRef = 1C83E04A1D5C59710085FECD /* DMBridge.m */; };
		1C83E04E1D5C59710085FECD /* DMBridgeBase.m in Sources */ = {isa = PBXBuildFile; fileRef = 1C83E04C1D5C59710085FECD /* DMBridgeBase.m */; };
		1C83E0511D5C598A0085FECD /* DMBridge.h in Copy Files */ = {isa = PBXBuildFile; fileRef = 1C83E0491D5C59710085FECD /* DMBridge.h */; };
		1C83E0521D5C598A0085FECD /* DMBridgeBase.h in Copy Files */ = {isa = PBXBuildFile; fileRef = 1C83E04B1D5C59710085FECD /* DMBridgeBase.h */; };
/* End PBXBuildFile section */

/* Begin PBXContainerItemProxy section */
		1C83E03E1D5C4C030085FECD /* PBXContainerItemProxy */ = {
			isa = PBXContainerItemProxy;
			containerPortal = 1C83DFF61D5C45EF0085FECD /* Project object */;
			proxyType = 1;
			remoteGlobalIDString = 1C83E0291D5C46730085FECD;
			remoteInfo = PersonalLibrary;
		};
		1C83E05E1D5C5B0F0085FECD /* PBXContainerItemProxy */ = {
			isa = PBXContainerItemProxy;
			containerPortal = 1C83DFF61D5C45EF0085FECD /* Project object */;
			proxyType = 1;
			remoteGlobalIDString = 1C83E0561D5C5AB80085FECD;
			remoteInfo = JSBundle;
		};
/* End PBXContainerItemProxy section */

/* Begin PBXCopyFilesBuildPhase section */
		1C0E5D441D5C62B1006D67A0 /* Embed Frameworks */ = {
			isa = PBXCopyFilesBuildPhase;
			buildActionMask = 2147483647;
			dstPath = "";
			dstSubfolderSpec = 10;
			files = (
			);
			name = "Embed Frameworks";
			runOnlyForDeploymentPostprocessing = 0;
		};
		1C83E0281D5C46730085FECD /* Copy Files */ = {
			isa = PBXCopyFilesBuildPhase;
			buildActionMask = 2147483647;
			dstPath = "include/$(PRODUCT_NAME)";
			dstSubfolderSpec = 16;
			files = (
				1C0E5D4D1D5C6639006D67A0 /* DMJavascript_js.h in Copy Files */,
				1C83E0511D5C598A0085FECD /* DMBridge.h in Copy Files */,
				1C83E0521D5C598A0085FECD /* DMBridgeBase.h in Copy Files */,
			);
			name = "Copy Files";
			runOnlyForDeploymentPostprocessing = 0;
		};
/* End PBXCopyFilesBuildPhase section */

/* Begin PBXFileReference section */
		1C0E5D2A1D5C5C76006D67A0 /* WebViewJavaScriptBridge.js */ = {isa = PBXFileReference; fileEncoding = 4; lastKnownFileType = sourcecode.javascript; path = WebViewJavaScriptBridge.js; sourceTree = "<group>"; };
		1C0E5D4A1D5C63C6006D67A0 /* DMJavascript_js.h */ = {isa = PBXFileReference; fileEncoding = 4; lastKnownFileType = sourcecode.c.h; path = DMJavascript_js.h; sourceTree = "<group>"; };
		1C0E5D4B1D5C63C6006D67A0 /* DMJavascript_js.m */ = {isa = PBXFileReference; fileEncoding = 4; lastKnownFileType = sourcecode.c.objc; path = DMJavascript_js.m; sourceTree = "<group>"; };
		1C83DFFE1D5C45EF0085FECD /* PersonalLibraryDemo.app */ = {isa = PBXFileReference; explicitFileType = wrapper.application; includeInIndex = 0; path = PersonalLibraryDemo.app; sourceTree = BUILT_PRODUCTS_DIR; };
		1C83E0021D5C45EF0085FECD /* main.m */ = {isa = PBXFileReference; lastKnownFileType = sourcecode.c.objc; path = main.m; sourceTree = "<group>"; };
		1C83E0041D5C45EF0085FECD /* AppDelegate.h */ = {isa = PBXFileReference; lastKnownFileType = sourcecode.c.h; path = AppDelegate.h; sourceTree = "<group>"; };
		1C83E0051D5C45EF0085FECD /* AppDelegate.m */ = {isa = PBXFileReference; lastKnownFileType = sourcecode.c.objc; path = AppDelegate.m; sourceTree = "<group>"; };
		1C83E0071D5C45EF0085FECD /* ViewController.h */ = {isa = PBXFileReference; lastKnownFileType = sourcecode.c.h; path = ViewController.h; sourceTree = "<group>"; };
		1C83E0081D5C45EF0085FECD /* ViewController.m */ = {isa = PBXFileReference; lastKnownFileType = sourcecode.c.objc; path = ViewController.m; sourceTree = "<group>"; };
		1C83E00B1D5C45EF0085FECD /* Base */ = {isa = PBXFileReference; lastKnownFileType = file.storyboard; name = Base; path = Base.lproj/Main.storyboard; sourceTree = "<group>"; };
		1C83E00D1D5C45EF0085FECD /* Assets.xcassets */ = {isa = PBXFileReference; lastKnownFileType = folder.assetcatalog; path = Assets.xcassets; sourceTree = "<group>"; };
		1C83E0101D5C45EF0085FECD /* Base */ = {isa = PBXFileReference; lastKnownFileType = file.storyboard; name = Base; path = Base.lproj/LaunchScreen.storyboard; sourceTree = "<group>"; };
		1C83E0121D5C45EF0085FECD /* Info.plist */ = {isa = PBXFileReference; lastKnownFileType = text.plist.xml; path = Info.plist; sourceTree = "<group>"; };
		1C83E02A1D5C46730085FECD /* libPersonalLibrary.a */ = {isa = PBXFileReference; explicitFileType = archive.ar; includeInIndex = 0; path = libPersonalLibrary.a; sourceTree = BUILT_PRODUCTS_DIR; };
		1C83E0421D5C4D900085FECD /* TestWebPage.html */ = {isa = PBXFileReference; fileEncoding = 4; lastKnownFileType = text.html; path = TestWebPage.html; sourceTree = "<group>"; };
		1C83E0491D5C59710085FECD /* DMBridge.h */ = {isa = PBXFileReference; fileEncoding = 4; lastKnownFileType = sourcecode.c.h; path = DMBridge.h; sourceTree = "<group>"; };
		1C83E04A1D5C59710085FECD /* DMBridge.m */ = {isa = PBXFileReference; fileEncoding = 4; lastKnownFileType = sourcecode.c.objc; path = DMBridge.m; sourceTree = "<group>"; };
		1C83E04B1D5C59710085FECD /* DMBridgeBase.h */ = {isa = PBXFileReference; fileEncoding = 4; lastKnownFileType = sourcecode.c.h; path = DMBridgeBase.h; sourceTree = "<group>"; };
		1C83E04C1D5C59710085FECD /* DMBridgeBase.m */ = {isa = PBXFileReference; fileEncoding = 4; lastKnownFileType = sourcecode.c.objc; path = DMBridgeBase.m; sourceTree = "<group>"; };
		1C83E0571D5C5AB80085FECD /* JSBundle.bundle */ = {isa = PBXFileReference; explicitFileType = wrapper.cfbundle; includeInIndex = 0; path = JSBundle.bundle; sourceTree = BUILT_PRODUCTS_DIR; };
		1C83E0591D5C5AB80085FECD /* Info.plist */ = {isa = PBXFileReference; lastKnownFileType = text.plist.xml; path = Info.plist; sourceTree = "<group>"; };
/* End PBXFileReference section */

/* Begin PBXFrameworksBuildPhase section */
		1C83DFFB1D5C45EF0085FECD /* Frameworks */ = {
			isa = PBXFrameworksBuildPhase;
			buildActionMask = 2147483647;
			files = (
				1C0E5D311D5C5F73006D67A0 /* libPersonalLibrary.a in Frameworks */,
			);
			runOnlyForDeploymentPostprocessing = 0;
		};
		1C83E0271D5C46730085FECD /* Frameworks */ = {
			isa = PBXFrameworksBuildPhase;
			buildActionMask = 2147483647;
			files = (
			);
			runOnlyForDeploymentPostprocessing = 0;
		};
		1C83E0541D5C5AB80085FECD /* Frameworks */ = {
			isa = PBXFrameworksBuildPhase;
			buildActionMask = 2147483647;
			files = (
			);
			runOnlyForDeploymentPostprocessing = 0;
		};
/* End PBXFrameworksBuildPhase section */

/* Begin PBXGroup section */
		1C83DFF51D5C45EF0085FECD = {
			isa = PBXGroup;
			children = (
				1C83E0331D5C46820085FECD /* PersonalLibrary */,
				1C83E0001D5C45EF0085FECD /* PersonalLibraryDemo */,
				1C83E0581D5C5AB80085FECD /* JSBundle */,
				1C83DFFF1D5C45EF0085FECD /* Products */,
			);
			sourceTree = "<group>";
		};
		1C83DFFF1D5C45EF0085FECD /* Products */ = {
			isa = PBXGroup;
			children = (
				1C83DFFE1D5C45EF0085FECD /* PersonalLibraryDemo.app */,
				1C83E02A1D5C46730085FECD /* libPersonalLibrary.a */,
				1C83E0571D5C5AB80085FECD /* JSBundle.bundle */,
			);
			name = Products;
			sourceTree = "<group>";
		};
		1C83E0001D5C45EF0085FECD /* PersonalLibraryDemo */ = {
			isa = PBXGroup;
			children = (
				1C83E0421D5C4D900085FECD /* TestWebPage.html */,
				1C83E0041D5C45EF0085FECD /* AppDelegate.h */,
				1C83E0051D5C45EF0085FECD /* AppDelegate.m */,
				1C83E0071D5C45EF0085FECD /* ViewController.h */,
				1C83E0081D5C45EF0085FECD /* ViewController.m */,
				1C83E00A1D5C45EF0085FECD /* Main.storyboard */,
				1C83E00D1D5C45EF0085FECD /* Assets.xcassets */,
				1C83E00F1D5C45EF0085FECD /* LaunchScreen.storyboard */,
				1C83E0121D5C45EF0085FECD /* Info.plist */,
				1C83E0011D5C45EF0085FECD /* Supporting Files */,
			);
			path = PersonalLibraryDemo;
			sourceTree = "<group>";
		};
		1C83E0011D5C45EF0085FECD /* Supporting Files */ = {
			isa = PBXGroup;
			children = (
				1C83E0021D5C45EF0085FECD /* main.m */,
			);
			name = "Supporting Files";
			sourceTree = "<group>";
		};
		1C83E0331D5C46820085FECD /* PersonalLibrary */ = {
			isa = PBXGroup;
			children = (
				1C83E0361D5C46820085FECD /* Sources */,
			);
			path = PersonalLibrary;
			sourceTree = "<group>";
		};
		1C83E0361D5C46820085FECD /* Sources */ = {
			isa = PBXGroup;
			children = (
				1C83E04F1D5C597B0085FECD /* Bundles */,
				1C83E0481D5C59710085FECD /* Classes */,
			);
			path = Sources;
			sourceTree = "<group>";
		};
		1C83E0481D5C59710085FECD /* Classes */ = {
			isa = PBXGroup;
			children = (
				1C83E0491D5C59710085FECD /* DMBridge.h */,
				1C83E04A1D5C59710085FECD /* DMBridge.m */,
				1C83E04B1D5C59710085FECD /* DMBridgeBase.h */,
				1C83E04C1D5C59710085FECD /* DMBridgeBase.m */,
				1C0E5D4A1D5C63C6006D67A0 /* DMJavascript_js.h */,
				1C0E5D4B1D5C63C6006D67A0 /* DMJavascript_js.m */,
			);
			path = Classes;
			sourceTree = "<group>";
		};
		1C83E04F1D5C597B0085FECD /* Bundles */ = {
			isa = PBXGroup;
			children = (
				1C0E5D2A1D5C5C76006D67A0 /* WebViewJavaScriptBridge.js */,
			);
			path = Bundles;
			sourceTree = "<group>";
		};
		1C83E0581D5C5AB80085FECD /* JSBundle */ = {
			isa = PBXGroup;
			children = (
				1C83E0591D5C5AB80085FECD /* Info.plist */,
			);
			path = JSBundle;
			sourceTree = "<group>";
		};
/* End PBXGroup section */

/* Begin PBXNativeTarget section */
		1C83DFFD1D5C45EF0085FECD /* PersonalLibraryDemo */ = {
			isa = PBXNativeTarget;
			buildConfigurationList = 1C83E0201D5C45EF0085FECD /* Build configuration list for PBXNativeTarget "PersonalLibraryDemo" */;
			buildPhases = (
				1C83DFFA1D5C45EF0085FECD /* Sources */,
				1C83DFFB1D5C45EF0085FECD /* Frameworks */,
				1C83DFFC1D5C45EF0085FECD /* Resources */,
				1C0E5D441D5C62B1006D67A0 /* Embed Frameworks */,
			);
			buildRules = (
			);
			dependencies = (
				1C83E05F1D5C5B0F0085FECD /* PBXTargetDependency */,
				1C83E03F1D5C4C030085FECD /* PBXTargetDependency */,
			);
			name = PersonalLibraryDemo;
			productName = PersonalLibraryDemo;
			productReference = 1C83DFFE1D5C45EF0085FECD /* PersonalLibraryDemo.app */;
			productType = "com.apple.product-type.application";
		};
		1C83E0291D5C46730085FECD /* PersonalLibrary */ = {
			isa = PBXNativeTarget;
			buildConfigurationList = 1C83E0301D5C46730085FECD /* Build configuration list for PBXNativeTarget "PersonalLibrary" */;
			buildPhases = (
				1C83E0261D5C46730085FECD /* Sources */,
				1C83E0271D5C46730085FECD /* Frameworks */,
				1C83E0281D5C46730085FECD /* Copy Files */,
			);
			buildRules = (
			);
			dependencies = (
			);
			name = PersonalLibrary;
			productName = PersonalLibrary;
			productReference = 1C83E02A1D5C46730085FECD /* libPersonalLibrary.a */;
			productType = "com.apple.product-type.library.static";
		};
		1C83E0561D5C5AB80085FECD /* JSBundle */ = {
			isa = PBXNativeTarget;
			buildConfigurationList = 1C83E05A1D5C5AB80085FECD /* Build configuration list for PBXNativeTarget "JSBundle" */;
			buildPhases = (
				1C83E0531D5C5AB80085FECD /* Sources */,
				1C83E0541D5C5AB80085FECD /* Frameworks */,
				1C83E0551D5C5AB80085FECD /* Resources */,
			);
			buildRules = (
			);
			dependencies = (
			);
			name = JSBundle;
			productName = JSBundle;
			productReference = 1C83E0571D5C5AB80085FECD /* JSBundle.bundle */;
			productType = "com.apple.product-type.bundle";
		};
/* End PBXNativeTarget section */

/* Begin PBXProject section */
		1C83DFF61D5C45EF0085FECD /* Project object */ = {
			isa = PBXProject;
			attributes = {
				LastUpgradeCheck = 0730;
				ORGANIZATIONNAME = yanghan;
				TargetAttributes = {
					1C83DFFD1D5C45EF0085FECD = {
						CreatedOnToolsVersion = 7.3.1;
					};
					1C83E0291D5C46730085FECD = {
						CreatedOnToolsVersion = 7.3.1;
					};
					1C83E0561D5C5AB80085FECD = {
						CreatedOnToolsVersion = 7.3.1;
					};
				};
			};
			buildConfigurationList = 1C83DFF91D5C45EF0085FECD /* Build configuration list for PBXProject "PersonalLibraryDemo" */;
			compatibilityVersion = "Xcode 3.2";
			developmentRegion = English;
			hasScannedForEncodings = 0;
			knownRegions = (
				en,
				Base,
			);
			mainGroup = 1C83DFF51D5C45EF0085FECD;
			productRefGroup = 1C83DFFF1D5C45EF0085FECD /* Products */;
			projectDirPath = "";
			projectRoot = "";
			targets = (
				1C83DFFD1D5C45EF0085FECD /* PersonalLibraryDemo */,
				1C83E0291D5C46730085FECD /* PersonalLibrary */,
				1C83E0561D5C5AB80085FECD /* JSBundle */,
			);
		};
/* End PBXProject section */

/* Begin PBXResourcesBuildPhase section */
		1C83DFFC1D5C45EF0085FECD /* Resources */ = {
			isa = PBXResourcesBuildPhase;
			buildActionMask = 2147483647;
			files = (
				1C83E0111D5C45EF0085FECD /* LaunchScreen.storyboard in Resources */,
				1C83E00E1D5C45EF0085FECD /* Assets.xcassets in Resources */,
				1C83E0431D5C4D900085FECD /* TestWebPage.html in Resources */,
				1C0E5D341D5C5FC9006D67A0 /* JSBundle.bundle in Resources */,
				1C83E00C1D5C45EF0085FECD /* Main.storyboard in Resources */,
			);
			runOnlyForDeploymentPostprocessing = 0;
		};
		1C83E0551D5C5AB80085FECD /* Resources */ = {
			isa = PBXResourcesBuildPhase;
			buildActionMask = 2147483647;
			files = (
				1C0E5D2B1D5C5C90006D67A0 /* WebViewJavaScriptBridge.js in Resources */,
			);
			runOnlyForDeploymentPostprocessing = 0;
		};
/* End PBXResourcesBuildPhase section */

/* Begin PBXSourcesBuildPhase section */
		1C83DFFA1D5C45EF0085FECD /* Sources */ = {
			isa = PBXSourcesBuildPhase;
			buildActionMask = 2147483647;
			files = (
				1C83E0091D5C45EF0085FECD /* ViewController.m in Sources */,
				1C83E0061D5C45EF0085FECD /* AppDelegate.m in Sources */,
				1C83E0031D5C45EF0085FECD /* main.m in Sources */,
			);
			runOnlyForDeploymentPostprocessing = 0;
		};
		1C83E0261D5C46730085FECD /* Sources */ = {
			isa = PBXSourcesBuildPhase;
			buildActionMask = 2147483647;
			files = (
				1C0E5D4C1D5C63C6006D67A0 /* DMJavascript_js.m in Sources */,
				1C83E04E1D5C59710085FECD /* DMBridgeBase.m in Sources */,
				1C83E04D1D5C59710085FECD /* DMBridge.m in Sources */,
			);
			runOnlyForDeploymentPostprocessing = 0;
		};
		1C83E0531D5C5AB80085FECD /* Sources */ = {
			isa = PBXSourcesBuildPhase;
			buildActionMask = 2147483647;
			files = (
			);
			runOnlyForDeploymentPostprocessing = 0;
		};
/* End PBXSourcesBuildPhase section */

/* Begin PBXTargetDependency section */
		1C83E03F1D5C4C030085FECD /* PBXTargetDependency */ = {
			isa = PBXTargetDependency;
			target = 1C83E0291D5C46730085FECD /* PersonalLibrary */;
			targetProxy = 1C83E03E1D5C4C030085FECD /* PBXContainerItemProxy */;
		};
		1C83E05F1D5C5B0F0085FECD /* PBXTargetDependency */ = {
			isa = PBXTargetDependency;
			target = 1C83E0561D5C5AB80085FECD /* JSBundle */;
			targetProxy = 1C83E05E1D5C5B0F0085FECD /* PBXContainerItemProxy */;
		};
/* End PBXTargetDependency section */

/* Begin PBXVariantGroup section */
		1C83E00A1D5C45EF0085FECD /* Main.storyboard */ = {
			isa = PBXVariantGroup;
			children = (
				1C83E00B1D5C45EF0085FECD /* Base */,
			);
			name = Main.storyboard;
			sourceTree = "<group>";
		};
		1C83E00F1D5C45EF0085FECD /* LaunchScreen.storyboard */ = {
			isa = PBXVariantGroup;
			children = (
				1C83E0101D5C45EF0085FECD /* Base */,
			);
			name = LaunchScreen.storyboard;
			sourceTree = "<group>";
		};
/* End PBXVariantGroup section */

/* Begin XCBuildConfiguration section */
		1C83E01E1D5C45EF0085FECD /* Debug */ = {
			isa = XCBuildConfiguration;
			buildSettings = {
				ALWAYS_SEARCH_USER_PATHS = NO;
				CLANG_ANALYZER_NONNULL = YES;
				CLANG_CXX_LANGUAGE_STANDARD = "gnu++0x";
				CLANG_CXX_LIBRARY = "libc++";
				CLANG_ENABLE_MODULES = YES;
				CLANG_ENABLE_OBJC_ARC = YES;
				CLANG_WARN_BOOL_CONVERSION = YES;
				CLANG_WARN_CONSTANT_CONVERSION = YES;
				CLANG_WARN_DIRECT_OBJC_ISA_USAGE = YES_ERROR;
				CLANG_WARN_EMPTY_BODY = YES;
				CLANG_WARN_ENUM_CONVERSION = YES;
				CLANG_WARN_INT_CONVERSION = YES;
				CLANG_WARN_OBJC_ROOT_CLASS = YES_ERROR;
				CLANG_WARN_UNREACHABLE_CODE = YES;
				CLANG_WARN__DUPLICATE_METHOD_MATCH = YES;
				"CODE_SIGN_IDENTITY[sdk=iphoneos*]" = "iPhone Developer";
				COPY_PHASE_STRIP = NO;
				DEBUG_INFORMATION_FORMAT = dwarf;
				ENABLE_STRICT_OBJC_MSGSEND = YES;
				ENABLE_TESTABILITY = YES;
				GCC_C_LANGUAGE_STANDARD = gnu99;
				GCC_DYNAMIC_NO_PIC = NO;
				GCC_NO_COMMON_BLOCKS = YES;
				GCC_OPTIMIZATION_LEVEL = 0;
				GCC_PREPROCESSOR_DEFINITIONS = (
					"DEBUG=1",
					"$(inherited)",
				);
				GCC_WARN_64_TO_32_BIT_CONVERSION = YES;
				GCC_WARN_ABOUT_RETURN_TYPE = YES_ERROR;
				GCC_WARN_UNDECLARED_SELECTOR = YES;
				GCC_WARN_UNINITIALIZED_AUTOS = YES_AGGRESSIVE;
				GCC_WARN_UNUSED_FUNCTION = YES;
				GCC_WARN_UNUSED_VARIABLE = YES;
				IPHONEOS_DEPLOYMENT_TARGET = 9.3;
				MTL_ENABLE_DEBUG_INFO = YES;
				ONLY_ACTIVE_ARCH = YES;
				SDKROOT = iphoneos;
			};
			name = Debug;
		};
		1C83E01F1D5C45EF0085FECD /* Release */ = {
			isa = XCBuildConfiguration;
			buildSettings = {
				ALWAYS_SEARCH_USER_PATHS = NO;
				CLANG_ANALYZER_NONNULL = YES;
				CLANG_CXX_LANGUAGE_STANDARD = "gnu++0x";
				CLANG_CXX_LIBRARY = "libc++";
				CLANG_ENABLE_MODULES = YES;
				CLANG_ENABLE_OBJC_ARC = YES;
				CLANG_WARN_BOOL_CONVERSION = YES;
				CLANG_WARN_CONSTANT_CONVERSION = YES;
				CLANG_WARN_DIRECT_OBJC_ISA_USAGE = YES_ERROR;
				CLANG_WARN_EMPTY_BODY = YES;
				CLANG_WARN_ENUM_CONVERSION = YES;
				CLANG_WARN_INT_CONVERSION = YES;
				CLANG_WARN_OBJC_ROOT_CLASS = YES_ERROR;
				CLANG_WARN_UNREACHABLE_CODE = YES;
				CLANG_WARN__DUPLICATE_METHOD_MATCH = YES;
				"CODE_SIGN_IDENTITY[sdk=iphoneos*]" = "iPhone Developer";
				COPY_PHASE_STRIP = NO;
				DEBUG_INFORMATION_FORMAT = "dwarf-with-dsym";
				ENABLE_NS_ASSERTIONS = NO;
				ENABLE_STRICT_OBJC_MSGSEND = YES;
				GCC_C_LANGUAGE_STANDARD = gnu99;
				GCC_NO_COMMON_BLOCKS = YES;
				GCC_WARN_64_TO_32_BIT_CONVERSION = YES;
				GCC_WARN_ABOUT_RETURN_TYPE = YES_ERROR;
				GCC_WARN_UNDECLARED_SELECTOR = YES;
				GCC_WARN_UNINITIALIZED_AUTOS = YES_AGGRESSIVE;
				GCC_WARN_UNUSED_FUNCTION = YES;
				GCC_WARN_UNUSED_VARIABLE = YES;
				IPHONEOS_DEPLOYMENT_TARGET = 9.3;
				MTL_ENABLE_DEBUG_INFO = NO;
				SDKROOT = iphoneos;
				VALIDATE_PRODUCT = YES;
			};
			name = Release;
		};
		1C83E0211D5C45EF0085FECD /* Debug */ = {
			isa = XCBuildConfiguration;
			buildSettings = {
				ASSETCATALOG_COMPILER_APPICON_NAME = AppIcon;
				INFOPLIST_FILE = PersonalLibraryDemo/Info.plist;
				IPHONEOS_DEPLOYMENT_TARGET = 7.0;
				LD_RUNPATH_SEARCH_PATHS = "$(inherited) @executable_path/Frameworks";
				OTHER_LDFLAGS = "-all_load";
				PRODUCT_BUNDLE_IDENTIFIER = com.dmall.PersonalLibraryDemo;
				PRODUCT_NAME = "$(TARGET_NAME)";
			};
			name = Debug;
		};
		1C83E0221D5C45EF0085FECD /* Release */ = {
			isa = XCBuildConfiguration;
			buildSettings = {
				ASSETCATALOG_COMPILER_APPICON_NAME = AppIcon;
				INFOPLIST_FILE = PersonalLibraryDemo/Info.plist;
				IPHONEOS_DEPLOYMENT_TARGET = 7.0;
				LD_RUNPATH_SEARCH_PATHS = "$(inherited) @executable_path/Frameworks";
				OTHER_LDFLAGS = "-all_load";
				PRODUCT_BUNDLE_IDENTIFIER = com.dmall.PersonalLibraryDemo;
				PRODUCT_NAME = "$(TARGET_NAME)";
			};
			name = Release;
		};
		1C83E0311D5C46730085FECD /* Debug */ = {
			isa = XCBuildConfiguration;
			buildSettings = {
				OTHER_LDFLAGS = "-ObjC";
				PRODUCT_NAME = "$(TARGET_NAME)";
				SKIP_INSTALL = YES;
			};
			name = Debug;
		};
		1C83E0321D5C46730085FECD /* Release */ = {
			isa = XCBuildConfiguration;
			buildSettings = {
				OTHER_LDFLAGS = "-ObjC";
				PRODUCT_NAME = "$(TARGET_NAME)";
				SKIP_INSTALL = YES;
			};
			name = Release;
		};
		1C83E05B1D5C5AB80085FECD /* Debug */ = {
			isa = XCBuildConfiguration;
			buildSettings = {
				CODE_SIGN_IDENTITY = "-";
				COMBINE_HIDPI_IMAGES = YES;
				INFOPLIST_FILE = JSBundle/Info.plist;
				INSTALL_PATH = "";
				MACOSX_DEPLOYMENT_TARGET = 10.11;
				PRODUCT_BUNDLE_IDENTIFIER = com.dmall.JSBundle;
				PRODUCT_NAME = "$(TARGET_NAME)";
				SDKROOT = iphoneos;
				SKIP_INSTALL = YES;
				SUPPORTED_PLATFORMS = "iphonesimulator iphoneos";
				VALID_ARCHS = "armv7s armv7 arm64";
				WRAPPER_EXTENSION = bundle;
			};
			name = Debug;
		};
		1C83E05C1D5C5AB80085FECD /* Release */ = {
			isa = XCBuildConfiguration;
			buildSettings = {
				CODE_SIGN_IDENTITY = "-";
				COMBINE_HIDPI_IMAGES = YES;
				INFOPLIST_FILE = JSBundle/Info.plist;
				INSTALL_PATH = "";
				MACOSX_DEPLOYMENT_TARGET = 10.11;
				PRODUCT_BUNDLE_IDENTIFIER = com.dmall.JSBundle;
				PRODUCT_NAME = "$(TARGET_NAME)";
				SDKROOT = iphoneos;
				SKIP_INSTALL = YES;
				SUPPORTED_PLATFORMS = "iphonesimulator iphoneos";
				VALID_ARCHS = "armv7s armv7 arm64";
				WRAPPER_EXTENSION = bundle;
			};
			name = Release;
		};
/* End XCBuildConfiguration section */

/* Begin XCConfigurationList section */
		1C83DFF91D5C45EF0085FECD /* Build configuration list for PBXProject "PersonalLibraryDemo" */ = {
			isa = XCConfigurationList;
			buildConfigurations = (
				1C83E01E1D5C45EF0085FECD /* Debug */,
				1C83E01F1D5C45EF0085FECD /* Release */,
			);
			defaultConfigurationIsVisible = 0;
			defaultConfigurationName = Release;
		};
		1C83E0201D5C45EF0085FECD /* Build configuration list for PBXNativeTarget "PersonalLibraryDemo" */ = {
			isa = XCConfigurationList;
			buildConfigurations = (
				1C83E0211D5C45EF0085FECD /* Debug */,
				1C83E0221D5C45EF0085FECD /* Release */,
			);
			defaultConfigurationIsVisible = 0;
			defaultConfigurationName = Release;
		};
		1C83E0301D5C46730085FECD /* Build configuration list for PBXNativeTarget "PersonalLibrary" */ = {
			isa = XCConfigurationList;
			buildConfigurations = (
				1C83E0311D5C46730085FECD /* Debug */,
				1C83E0321D5C46730085FECD /* Release */,
			);
			defaultConfigurationIsVisible = 0;
			defaultConfigurationName = Release;
		};
		1C83E05A1D5C5AB80085FECD /* Build configuration list for PBXNativeTarget "JSBundle" */ = {
			isa = XCConfigurationList;
			buildConfigurations = (
				1C83E05B1D5C5AB80085FECD /* Debug */,
				1C83E05C1D5C5AB80085FECD /* Release */,
			);
			defaultConfigurationIsVisible = 0;
			defaultConfigurationName = Release;
		};
/* End XCConfigurationList section */
	};
	rootObject = 1C83DFF61D5C45EF0085FECD /* Project object */;
}
